
Microsoft Visual Studio Solution File, Format Version 12.00
# Visual Studio Version 16
VisualStudioVersion = 16.0.31129.286
MinimumVisualStudioVersion = 10.0.40219.1
Project("{FAE04EC0-301F-11D3-BF4B-00C04F79EFBC}") = "Lab02", "Lab02.csproj", "{A43D09BA-1496-4311-B8D7-FD72B7606520}"
EndProject
Global
	GlobalSection(SolutionConfigurationPlatforms) = preSolution
		Debug|Any CPU = Debug|Any CPU
		Release|Any CPU = Release|Any CPU
	EndGlobalSection
	GlobalSection(ProjectConfigurationPlatforms) = postSolution
		{A43D09BA-1496-4311-B8D7-FD72B7606520}.Debug|Any CPU.ActiveCfg = Debug|Any CPU
		{A43D09BA-1496-4311-B8D7-FD72B7606520}.Debug|Any CPU.Build.0 = Debug|Any CPU
		{A43D09BA-1496-4311-B8D7-FD72B7606520}.Release|Any CPU.ActiveCfg = Release|Any CPU
		{A43D09BA-1496-4311-B8D7-FD72B7606520}.Release|Any CPU.Build.0 = Release|Any CPU
	EndGlobalSection
	GlobalSection(SolutionProperties) = preSolution
		HideSolutionNode = FALSE
	EndGlobalSection
	GlobalSection(ExtensibilityGlobals) = postSolution
		SolutionGuid = {58AE8352-14DC-4E69-902E-7CF378A227CB}
	EndGlobalSection
EndGlobal
